Microsoft Visual Studio Solution File, Format Version #solution_version#.0
# Visual Studio Version #vs_version#
#
# #xmake_info#
#
#   This file is auto generated by xmake.
#
#   Please DO NOT EDIT since all your modification will lost after re-generation.
#   See https://github.com/xmake-io/xmake/pull/472 for more infomation.
#
VisualStudioVersion = #vs_version#
MinimumVisualStudioVersion = 10.0
#Import(Project)#
Project("{2150E333-8FDC-42A3-9474-1A3956D46DE8}") = "Properties", "Properties", "{007754BD-BB1F-452F-A0D8-13EF216C5ED9}"
	ProjectSection(SolutionItems) = preProject
		Xmake.Custom.props = Xmake.Custom.props
		Xmake.Custom.targets = Xmake.Custom.targets
		#sln_projectfile# = #sln_projectfile#
	EndProjectSection
EndProject
Global
    GlobalSection(SolutionConfigurationPlatforms) = preSolution
#Import(SlnConfig)#    EndGlobalSection
    GlobalSection(ProjectConfigurationPlatforms) = postSolution
#Import(ProjConfig)#    EndGlobalSection
    GlobalSection(SolutionProperties) = preSolution
        HideSolutionNode = FALSE
    EndGlobalSection
    GlobalSection(ExtensibilityGlobals) = postSolution
        SolutionGuid = {#solution_id#}
    EndGlobalSection
EndGlobal
